// !$*UTF8*$!
{
	archiveVersion = 1;
	classes = {
	};
	objectVersion = 56;
	objects = {

/* Begin PBXBuildFile section */
		5E1032522967EF35001C4262 /* ViewModel.swift in Sources */ = {isa = PBXBuildFile; fileRef = 5E1032512967EF35001C4262 /* ViewModel.swift */; };
		5E1032562967F0FF001C4262 /* RoomListData.json in Resources */ = {isa = PBXBuildFile; fileRef = 5E1032552967F0FF001C4262 /* RoomListData.json */; };
		5E1032582967F129001C4262 /* RoomList.swift in Sources */ = {isa = PBXBuildFile; fileRef = 5E1032572967F129001C4262 /* RoomList.swift */; };
		5E123104296804880042A906 /* RoomTvCell.swift in Sources */ = {isa = PBXBuildFile; fileRef = 5E123103296804880042A906 /* RoomTvCell.swift */; };
		5E200119296806ED004C7EF3 /* Extension.swift in Sources */ = {isa = PBXBuildFile; fileRef = 5E200118296806ED004C7EF3 /* Extension.swift */; };
		5EBC2D392967EB4E009CA5D6 /* AppDelegate.swift in Sources */ = {isa = PBXBuildFile; fileRef = 5EBC2D382967EB4E009CA5D6 /* AppDelegate.swift */; };
		5EBC2D3B2967EB4E009CA5D6 /* SceneDelegate.swift in Sources */ = {isa = PBXBuildFile; fileRef = 5EBC2D3A2967EB4E009CA5D6 /* SceneDelegate.swift */; };
		5EBC2D3D2967EB4E009CA5D6 /* RoomListVC.swift in Sources */ = {isa = PBXBuildFile; fileRef = 5EBC2D3C2967EB4E009CA5D6 /* RoomListVC.swift */; };
		5EBC2D402967EB4E009CA5D6 /* Main.storyboard in Resources */ = {isa = PBXBuildFile; fileRef = 5EBC2D3E2967EB4E009CA5D6 /* Main.storyboard */; };
		5EBC2D422967EB4F009CA5D6 /* Assets.xcassets in Resources */ = {isa = PBXBuildFile; fileRef = 5EBC2D412967EB4F009CA5D6 /* Assets.xcassets */; };
		5EBC2D452967EB4F009CA5D6 /* LaunchScreen.storyboard in Resources */ = {isa = PBXBuildFile; fileRef = 5EBC2D432967EB4F009CA5D6 /* LaunchScreen.storyboard */; };
		AB9E7A9B2969A4CF00E4A6B1 /* SelectButton.swift in Sources */ = {isa = PBXBuildFile; fileRef = AB9E7A9A2969A4CF00E4A6B1 /* SelectButton.swift */; };
		ABC994E52969C00D00CD1D4F /* Enum.swift in Sources */ = {isa = PBXBuildFile; fileRef = ABC994E42969C00D00CD1D4F /* Enum.swift */; };
		ABC994E82969C96500CD1D4F /* Kingfisher in Frameworks */ = {isa = PBXBuildFile; productRef = ABC994E72969C96500CD1D4F /* Kingfisher */; };
		ABC994EA2969C98C00CD1D4F /* UIImageView+.swift in Sources */ = {isa = PBXBuildFile; fileRef = ABC994E92969C98C00CD1D4F /* UIImageView+.swift */; };
/* End PBXBuildFile section */

/* Begin PBXFileReference section */
		5E1032512967EF35001C4262 /* ViewModel.swift */ = {isa = PBXFileReference; lastKnownFileType = sourcecode.swift; path = ViewModel.swift; sourceTree = "<group>"; };
		5E1032552967F0FF001C4262 /* RoomListData.json */ = {isa = PBXFileReference; lastKnownFileType = text.json; path = RoomListData.json; sourceTree = "<group>"; };
		5E1032572967F129001C4262 /* RoomList.swift */ = {isa = PBXFileReference; lastKnownFileType = sourcecode.swift; path = RoomList.swift; sourceTree = "<group>"; };
		5E123103296804880042A906 /* RoomTvCell.swift */ = {isa = PBXFileReference; lastKnownFileType = sourcecode.swift; path = RoomTvCell.swift; sourceTree = "<group>"; };
		5E200118296806ED004C7EF3 /* Extension.swift */ = {isa = PBXFileReference; lastKnownFileType = sourcecode.swift; path = Extension.swift; sourceTree = "<group>"; };
		5EBC2D352967EB4E009CA5D6 /* Dabang.app */ = {isa = PBXFileReference; explicitFileType = wrapper.application; includeInIndex = 0; path = Dabang.app; sourceTree = BUILT_PRODUCTS_DIR; };
		5EBC2D382967EB4E009CA5D6 /* AppDelegate.swift */ = {isa = PBXFileReference; lastKnownFileType = sourcecode.swift; path = AppDelegate.swift; sourceTree = "<group>"; };
		5EBC2D3A2967EB4E009CA5D6 /* SceneDelegate.swift */ = {isa = PBXFileReference; lastKnownFileType = sourcecode.swift; path = SceneDelegate.swift; sourceTree = "<group>"; };
		5EBC2D3C2967EB4E009CA5D6 /* RoomListVC.swift */ = {isa = PBXFileReference; lastKnownFileType = sourcecode.swift; path = RoomListVC.swift; sourceTree = "<group>"; };
		5EBC2D3F2967EB4E009CA5D6 /* Base */ = {isa = PBXFileReference; lastKnownFileType = file.storyboard; name = Base; path = Base.lproj/Main.storyboard; sourceTree = "<group>"; };
		5EBC2D412967EB4F009CA5D6 /* Assets.xcassets */ = {isa = PBXFileReference; lastKnownFileType = folder.assetcatalog; path = Assets.xcassets; sourceTree = "<group>"; };
		5EBC2D442967EB4F009CA5D6 /* Base */ = {isa = PBXFileReference; lastKnownFileType = file.storyboard; name = Base; path = Base.lproj/LaunchScreen.storyboard; sourceTree = "<group>"; };
		5EBC2D462967EB4F009CA5D6 /* Info.plist */ = {isa = PBXFileReference; lastKnownFileType = text.plist.xml; path = Info.plist; sourceTree = "<group>"; };
		AB9E7A9A2969A4CF00E4A6B1 /* SelectButton.swift */ = {isa = PBXFileReference; lastKnownFileType = sourcecode.swift; path = SelectButton.swift; sourceTree = "<group>"; };
		ABC994E42969C00D00CD1D4F /* Enum.swift */ = {isa = PBXFileReference; lastKnownFileType = sourcecode.swift; path = Enum.swift; sourceTree = "<group>"; };
		ABC994E92969C98C00CD1D4F /* UIImageView+.swift */ = {isa = PBXFileReference; lastKnownFileType = sourcecode.swift; path = "UIImageView+.swift"; sourceTree = "<group>"; };
/* End PBXFileReference section */

/* Begin PBXFrameworksBuildPhase section */
		5EBC2D322967EB4E009CA5D6 /* Frameworks */ = {
			isa = PBXFrameworksBuildPhase;
			buildActionMask = 2147483647;
			files = (
				ABC994E82969C96500CD1D4F /* Kingfisher in Frameworks */,
			);
			runOnlyForDeploymentPostprocessing = 0;
		};
/* End PBXFrameworksBuildPhase section */

/* Begin PBXGroup section */
		5E10324D2967EEFB001C4262 /* Model */ = {
			isa = PBXGroup;
			children = (
				5E1032552967F0FF001C4262 /* RoomListData.json */,
				5E1032572967F129001C4262 /* RoomList.swift */,
			);
			path = Model;
			sourceTree = "<group>";
		};
		5E10324F2967EF09001C4262 /* View */ = {
			isa = PBXGroup;
			children = (
				5EBC2D3C2967EB4E009CA5D6 /* RoomListVC.swift */,
				5E123103296804880042A906 /* RoomTvCell.swift */,
				AB9E7A9A2969A4CF00E4A6B1 /* SelectButton.swift */,
			);
			path = View;
			sourceTree = "<group>";
		};
		5E1032502967EF0B001C4262 /* ViewModel */ = {
			isa = PBXGroup;
			children = (
				5E1032512967EF35001C4262 /* ViewModel.swift */,
			);
			path = ViewModel;
			sourceTree = "<group>";
		};
		5E200117296806E4004C7EF3 /* Extension */ = {
			isa = PBXGroup;
			children = (
				5E200118296806ED004C7EF3 /* Extension.swift */,
				ABC994E92969C98C00CD1D4F /* UIImageView+.swift */,
			);
			path = Extension;
			sourceTree = "<group>";
		};
		5EBC2D2C2967EB4E009CA5D6 = {
			isa = PBXGroup;
			children = (
				5EBC2D372967EB4E009CA5D6 /* Dabang */,
				5EBC2D362967EB4E009CA5D6 /* Products */,
			);
			sourceTree = "<group>";
		};
		5EBC2D362967EB4E009CA5D6 /* Products */ = {
			isa = PBXGroup;
			children = (
				5EBC2D352967EB4E009CA5D6 /* Dabang.app */,
			);
			name = Products;
			sourceTree = "<group>";
		};
		5EBC2D372967EB4E009CA5D6 /* Dabang */ = {
			isa = PBXGroup;
			children = (
				5E10324D2967EEFB001C4262 /* Model */,
				5E10324F2967EF09001C4262 /* View */,
				5E1032502967EF0B001C4262 /* ViewModel */,
				5E200117296806E4004C7EF3 /* Extension */,
				ABC994E32969C00000CD1D4F /* Enum */,
				5EBC2D4D2967EDCD009CA5D6 /* Supporting Files */,
			);
			path = Dabang;
			sourceTree = "<group>";
		};
		5EBC2D4D2967EDCD009CA5D6 /* Supporting Files */ = {
			isa = PBXGroup;
			children = (
				5EBC2D382967EB4E009CA5D6 /* AppDelegate.swift */,
				5EBC2D3A2967EB4E009CA5D6 /* SceneDelegate.swift */,
				5EBC2D3E2967EB4E009CA5D6 /* Main.storyboard */,
				5EBC2D412967EB4F009CA5D6 /* Assets.xcassets */,
				5EBC2D432967EB4F009CA5D6 /* LaunchScreen.storyboard */,
				5EBC2D462967EB4F009CA5D6 /* Info.plist */,
			);
			name = "Supporting Files";
			sourceTree = "<group>";
		};
		ABC994E32969C00000CD1D4F /* Enum */ = {
			isa = PBXGroup;
			children = (
				ABC994E42969C00D00CD1D4F /* Enum.swift */,
			);
			path = Enum;
			sourceTree = "<group>";
		};
/* End PBXGroup section */

/* Begin PBXNativeTarget section */
		5EBC2D342967EB4E009CA5D6 /* Dabang */ = {
			isa = PBXNativeTarget;
			buildConfigurationList = 5EBC2D492967EB4F009CA5D6 /* Build configuration list for PBXNativeTarget "Dabang" */;
			buildPhases = (
				5EBC2D312967EB4E009CA5D6 /* Sources */,
				5EBC2D322967EB4E009CA5D6 /* Frameworks */,
				5EBC2D332967EB4E009CA5D6 /* Resources */,
			);
			buildRules = (
			);
			dependencies = (
			);
			name = Dabang;
			packageProductDependencies = (
				ABC994E72969C96500CD1D4F /* Kingfisher */,
			);
			productName = Dabang;
			productReference = 5EBC2D352967EB4E009CA5D6 /* Dabang.app */;
			productType = "com.apple.product-type.application";
		};
/* End PBXNativeTarget section */

/* Begin PBXProject section */
		5EBC2D2D2967EB4E009CA5D6 /* Project object */ = {
			isa = PBXProject;
			attributes = {
				BuildIndependentTargetsInParallel = 1;
				LastSwiftUpdateCheck = 1420;
				LastUpgradeCheck = 1420;
				TargetAttributes = {
					5EBC2D342967EB4E009CA5D6 = {
						CreatedOnToolsVersion = 14.2;
					};
				};
			};
			buildConfigurationList = 5EBC2D302967EB4E009CA5D6 /* Build configuration list for PBXProject "Dabang" */;
			compatibilityVersion = "Xcode 14.0";
			developmentRegion = en;
			hasScannedForEncodings = 0;
			knownRegions = (
				en,
				Base,
			);
			mainGroup = 5EBC2D2C2967EB4E009CA5D6;
			packageReferences = (
				ABC994E62969C96500CD1D4F /* XCRemoteSwiftPackageReference "Kingfisher" */,
			);
			productRefGroup = 5EBC2D362967EB4E009CA5D6 /* Products */;
			projectDirPath = "";
			projectRoot = "";
			targets = (
				5EBC2D342967EB4E009CA5D6 /* Dabang */,
			);
		};
/* End PBXProject section */

/* Begin PBXResourcesBuildPhase section */
		5EBC2D332967EB4E009CA5D6 /* Resources */ = {
			isa = PBXResourcesBuildPhase;
			buildActionMask = 2147483647;
			files = (
				5E1032562967F0FF001C4262 /* RoomListData.json in Resources */,
				5EBC2D452967EB4F009CA5D6 /* LaunchScreen.storyboard in Resources */,
				5EBC2D422967EB4F009CA5D6 /* Assets.xcassets in Resources */,
				5EBC2D402967EB4E009CA5D6 /* Main.storyboard in Resources */,
			);
			runOnlyForDeploymentPostprocessing = 0;
		};
/* End PBXResourcesBuildPhase section */

/* Begin PBXSourcesBuildPhase section */
		5EBC2D312967EB4E009CA5D6 /* Sources */ = {
			isa = PBXSourcesBuildPhase;
			buildActionMask = 2147483647;
			files = (
				5E200119296806ED004C7EF3 /* Extension.swift in Sources */,
				ABC994EA2969C98C00CD1D4F /* UIImageView+.swift in Sources */,
				5EBC2D3D2967EB4E009CA5D6 /* RoomListVC.swift in Sources */,
				5E1032582967F129001C4262 /* RoomList.swift in Sources */,
				5EBC2D392967EB4E009CA5D6 /* AppDelegate.swift in Sources */,
				5E1032522967EF35001C4262 /* ViewModel.swift in Sources */,
				5EBC2D3B2967EB4E009CA5D6 /* SceneDelegate.swift in Sources */,
				AB9E7A9B2969A4CF00E4A6B1 /* SelectButton.swift in Sources */,
				ABC994E52969C00D00CD1D4F /* Enum.swift in Sources */,
				5E123104296804880042A906 /* RoomTvCell.swift in Sources */,
			);
			runOnlyForDeploymentPostprocessing = 0;
		};
/* End PBXSourcesBuildPhase section */

/* Begin PBXVariantGroup section */
		5EBC2D3E2967EB4E009CA5D6 /* Main.storyboard */ = {
			isa = PBXVariantGroup;
			children = (
				5EBC2D3F2967EB4E009CA5D6 /* Base */,
			);
			name = Main.storyboard;
			sourceTree = "<group>";
		};
		5EBC2D432967EB4F009CA5D6 /* LaunchScreen.storyboard */ = {
			isa = PBXVariantGroup;
			children = (
				5EBC2D442967EB4F009CA5D6 /* Base */,
			);
			name = LaunchScreen.storyboard;
			sourceTree = "<group>";
		};
/* End PBXVariantGroup section */

/* Begin XCBuildConfiguration section */
		5EBC2D472967EB4F009CA5D6 /* Debug */ = {
			isa = XCBuildConfiguration;
			buildSettings = {
				ALWAYS_SEARCH_USER_PATHS = NO;
				CLANG_ANALYZER_NONNULL = YES;
				CLANG_ANALYZER_NUMBER_OBJECT_CONVERSION = YES_AGGRESSIVE;
				CLANG_CXX_LANGUAGE_STANDARD = "gnu++20";
				CLANG_ENABLE_MODULES = YES;
				CLANG_ENABLE_OBJC_ARC = YES;
				CLANG_ENABLE_OBJC_WEAK = YES;
				CLANG_WARN_BLOCK_CAPTURE_AUTORELEASING = YES;
				CLANG_WARN_BOOL_CONVERSION = YES;
				CLANG_WARN_COMMA = YES;
				CLANG_WARN_CONSTANT_CONVERSION = YES;
				CLANG_WARN_DEPRECATED_OBJC_IMPLEMENTATIONS = YES;
				CLANG_WARN_DIRECT_OBJC_ISA_USAGE = YES_ERROR;
				CLANG_WARN_DOCUMENTATION_COMMENTS = YES;
				CLANG_WARN_EMPTY_BODY = YES;
				CLANG_WARN_ENUM_CONVERSION = YES;
				CLANG_WARN_INFINITE_RECURSION = YES;
				CLANG_WARN_INT_CONVERSION = YES;
				CLANG_WARN_NON_LITERAL_NULL_CONVERSION = YES;
				CLANG_WARN_OBJC_IMPLICIT_RETAIN_SELF = YES;
				CLANG_WARN_OBJC_LITERAL_CONVERSION = YES;
				CLANG_WARN_OBJC_ROOT_CLASS = YES_ERROR;
				CLANG_WARN_QUOTED_INCLUDE_IN_FRAMEWORK_HEADER = YES;
				CLANG_WARN_RANGE_LOOP_ANALYSIS = YES;
				CLANG_WARN_STRICT_PROTOTYPES = YES;
				CLANG_WARN_SUSPICIOUS_MOVE = YES;
				CLANG_WARN_UNGUARDED_AVAILABILITY = YES_AGGRESSIVE;
				CLANG_WARN_UNREACHABLE_CODE = YES;
				CLANG_WARN__DUPLICATE_METHOD_MATCH = YES;
				COPY_PHASE_STRIP = NO;
				DEBUG_INFORMATION_FORMAT = dwarf;
				ENABLE_STRICT_OBJC_MSGSEND = YES;
				ENABLE_TESTABILITY = YES;
				GCC_C_LANGUAGE_STANDARD = gnu11;
				GCC_DYNAMIC_NO_PIC = NO;
				GCC_NO_COMMON_BLOCKS = YES;
				GCC_OPTIMIZATION_LEVEL = 0;
				GCC_PREPROCESSOR_DEFINITIONS = (
					"DEBUG=1",
					"$(inherited)",
				);
				GCC_WARN_64_TO_32_BIT_CONVERSION = YES;
				GCC_WARN_ABOUT_RETURN_TYPE = YES_ERROR;
				GCC_WARN_UNDECLARED_SELECTOR = YES;
				GCC_WARN_UNINITIALIZED_AUTOS = YES_AGGRESSIVE;
				GCC_WARN_UNUSED_FUNCTION = YES;
				GCC_WARN_UNUSED_VARIABLE = YES;
				IPHONEOS_DEPLOYMENT_TARGET = 16.2;
				MTL_ENABLE_DEBUG_INFO = INCLUDE_SOURCE;
				MTL_FAST_MATH = YES;
				ONLY_ACTIVE_ARCH = YES;
				SDKROOT = iphoneos;
				SWIFT_ACTIVE_COMPILATION_CONDITIONS = DEBUG;
				SWIFT_OPTIMIZATION_LEVEL = "-Onone";
			};
			name = Debug;
		};
		5EBC2D482967EB4F009CA5D6 /* Release */ = {
			isa = XCBuildConfiguration;
			buildSettings = {
				ALWAYS_SEARCH_USER_PATHS = NO;
				CLANG_ANALYZER_NONNULL = YES;
				CLANG_ANALYZER_NUMBER_OBJECT_CONVERSION = YES_AGGRESSIVE;
				CLANG_CXX_LANGUAGE_STANDARD = "gnu++20";
				CLANG_ENABLE_MODULES = YES;
				CLANG_ENABLE_OBJC_ARC = YES;
				CLANG_ENABLE_OBJC_WEAK = YES;
				CLANG_WARN_BLOCK_CAPTURE_AUTORELEASING = YES;
				CLANG_WARN_BOOL_CONVERSION = YES;
				CLANG_WARN_COMMA = YES;
				CLANG_WARN_CONSTANT_CONVERSION = YES;
				CLANG_WARN_DEPRECATED_OBJC_IMPLEMENTATIONS = YES;
				CLANG_WARN_DIRECT_OBJC_ISA_USAGE = YES_ERROR;
				CLANG_WARN_DOCUMENTATION_COMMENTS = YES;
				CLANG_WARN_EMPTY_BODY = YES;
				CLANG_WARN_ENUM_CONVERSION = YES;
				CLANG_WARN_INFINITE_RECURSION = YES;
				CLANG_WARN_INT_CONVERSION = YES;
				CLANG_WARN_NON_LITERAL_NULL_CONVERSION = YES;
				CLANG_WARN_OBJC_IMPLICIT_RETAIN_SELF = YES;
				CLANG_WARN_OBJC_LITERAL_CONVERSION = YES;
				CLANG_WARN_OBJC_ROOT_CLASS = YES_ERROR;
				CLANG_WARN_QUOTED_INCLUDE_IN_FRAMEWORK_HEADER = YES;
				CLANG_WARN_RANGE_LOOP_ANALYSIS = YES;
				CLANG_WARN_STRICT_PROTOTYPES = YES;
				CLANG_WARN_SUSPICIOUS_MOVE = YES;
				CLANG_WARN_UNGUARDED_AVAILABILITY = YES_AGGRESSIVE;
				CLANG_WARN_UNREACHABLE_CODE = YES;
				CLANG_WARN__DUPLICATE_METHOD_MATCH = YES;
				COPY_PHASE_STRIP = NO;
				DEBUG_INFORMATION_FORMAT = "dwarf-with-dsym";
				ENABLE_NS_ASSERTIONS = NO;
				ENABLE_STRICT_OBJC_MSGSEND = YES;
				GCC_C_LANGUAGE_STANDARD = gnu11;
				GCC_NO_COMMON_BLOCKS = YES;
				GCC_WARN_64_TO_32_BIT_CONVERSION = YES;
				GCC_WARN_ABOUT_RETURN_TYPE = YES_ERROR;
				GCC_WARN_UNDECLARED_SELECTOR = YES;
				GCC_WARN_UNINITIALIZED_AUTOS = YES_AGGRESSIVE;
				GCC_WARN_UNUSED_FUNCTION = YES;
				GCC_WARN_UNUSED_VARIABLE = YES;
				IPHONEOS_DEPLOYMENT_TARGET = 16.2;
				MTL_ENABLE_DEBUG_INFO = NO;
				MTL_FAST_MATH = YES;
				SDKROOT = iphoneos;
				SWIFT_COMPILATION_MODE = wholemodule;
				SWIFT_OPTIMIZATION_LEVEL = "-O";
				VALIDATE_PRODUCT = YES;
			};
			name = Release;
		};
		5EBC2D4A2967EB4F009CA5D6 /* Debug */ = {
			isa = XCBuildConfiguration;
			buildSettings = {
				ASSETCATALOG_COMPILER_APPICON_NAME = AppIcon;
				ASSETCATALOG_COMPILER_GLOBAL_ACCENT_COLOR_NAME = AccentColor;
				CODE_SIGN_STYLE = Automatic;
				CURRENT_PROJECT_VERSION = 1;
				DEVELOPMENT_TEAM = 893H6S86QV;
				GENERATE_INFOPLIST_FILE = YES;
				INFOPLIST_FILE = Dabang/Info.plist;
				INFOPLIST_KEY_UIApplicationSupportsIndirectInputEvents = YES;
				INFOPLIST_KEY_UILaunchStoryboardName = LaunchScreen;
				INFOPLIST_KEY_UIMainStoryboardFile = Main;
				INFOPLIST_KEY_UIRequiresFullScreen = NO;
				INFOPLIST_KEY_UIStatusBarStyle = "";
				INFOPLIST_KEY_UISupportedInterfaceOrientations = "UIInterfaceOrientationLandscapeLeft UIInterfaceOrientationLandscapeRight UIInterfaceOrientationPortrait";
				INFOPLIST_KEY_UISupportedInterfaceOrientations_iPad = "UIInterfaceOrientationLandscapeLeft UIInterfaceOrientationLandscapeRight UIInterfaceOrientationPortrait UIInterfaceOrientationPortraitUpsideDown";
				INFOPLIST_KEY_UIUserInterfaceStyle = Light;
				LD_RUNPATH_SEARCH_PATHS = (
					"$(inherited)",
					"@executable_path/Frameworks",
				);
				MARKETING_VERSION = 1.0;
				PRODUCT_BUNDLE_IDENTIFIER = com.gonigon.Dabang;
				PRODUCT_NAME = "$(TARGET_NAME)";
				SWIFT_EMIT_LOC_STRINGS = YES;
				SWIFT_VERSION = 5.0;
				TARGETED_DEVICE_FAMILY = "1,2";
			};
			name = Debug;
		};
		5EBC2D4B2967EB4F009CA5D6 /* Release */ = {
			isa = XCBuildConfiguration;
			buildSettings = {
				ASSETCATALOG_COMPILER_APPICON_NAME = AppIcon;
				ASSETCATALOG_COMPILER_GLOBAL_ACCENT_COLOR_NAME = AccentColor;
				CODE_SIGN_STYLE = Automatic;
				CURRENT_PROJECT_VERSION = 1;
				DEVELOPMENT_TEAM = 893H6S86QV;
				GENERATE_INFOPLIST_FILE = YES;
				INFOPLIST_FILE = Dabang/Info.plist;
				INFOPLIST_KEY_UIApplicationSupportsIndirectInputEvents = YES;
				INFOPLIST_KEY_UILaunchStoryboardName = LaunchScreen;
				INFOPLIST_KEY_UIMainStoryboardFile = Main;
				INFOPLIST_KEY_UIRequiresFullScreen = NO;
				INFOPLIST_KEY_UIStatusBarStyle = "";
				INFOPLIST_KEY_UISupportedInterfaceOrientations = "UIInterfaceOrientationLandscapeLeft UIInterfaceOrientationLandscapeRight UIInterfaceOrientationPortrait";
				INFOPLIST_KEY_UISupportedInterfaceOrientations_iPad = "UIInterfaceOrientationLandscapeLeft UIInterfaceOrientationLandscapeRight UIInterfaceOrientationPortrait UIInterfaceOrientationPortraitUpsideDown";
				INFOPLIST_KEY_UIUserInterfaceStyle = Light;
				LD_RUNPATH_SEARCH_PATHS = (
					"$(inherited)",
					"@executable_path/Frameworks",
				);
				MARKETING_VERSION = 1.0;
				PRODUCT_BUNDLE_IDENTIFIER = com.gonigon.Dabang;
				PRODUCT_NAME = "$(TARGET_NAME)";
				SWIFT_EMIT_LOC_STRINGS = YES;
				SWIFT_VERSION = 5.0;
				TARGETED_DEVICE_FAMILY = "1,2";
			};
			name = Release;
		};
/* End XCBuildConfiguration section */

/* Begin XCConfigurationList section */
		5EBC2D302967EB4E009CA5D6 /* Build configuration list for PBXProject "Dabang" */ = {
			isa = XCConfigurationList;
			buildConfigurations = (
				5EBC2D472967EB4F009CA5D6 /* Debug */,
				5EBC2D482967EB4F009CA5D6 /* Release */,
			);
			defaultConfigurationIsVisible = 0;
			defaultConfigurationName = Release;
		};
		5EBC2D492967EB4F009CA5D6 /* Build configuration list for PBXNativeTarget "Dabang" */ = {
			isa = XCConfigurationList;
			buildConfigurations = (
				5EBC2D4A2967EB4F009CA5D6 /* Debug */,
				5EBC2D4B2967EB4F009CA5D6 /* Release */,
			);
			defaultConfigurationIsVisible = 0;
			defaultConfigurationName = Release;
		};
/* End XCConfigurationList section */

/* Begin XCRemoteSwiftPackageReference section */
		ABC994E62969C96500CD1D4F /* XCRemoteSwiftPackageReference "Kingfisher" */ = {
			isa = XCRemoteSwiftPackageReference;
			repositoryURL = "https://github.com/onevcat/Kingfisher.git";
			requirement = {
				branch = master;
				kind = branch;
			};
		};
/* End XCRemoteSwiftPackageReference section */

/* Begin XCSwiftPackageProductDependency section */
		ABC994E72969C96500CD1D4F /* Kingfisher */ = {
			isa = XCSwiftPackageProductDependency;
			package = ABC994E62969C96500CD1D4F /* XCRemoteSwiftPackageReference "Kingfisher" */;
			productName = Kingfisher;
		};
/* End XCSwiftPackageProductDependency section */
	};
	rootObject = 5EBC2D2D2967EB4E009CA5D6 /* Project object */;
}
